PODS:
  - AFNetworking (4.0.1):
    - AFNetworking/NSURLSession (= 4.0.1)
    - AFNetworking/Reachability (= 4.0.1)
    - AFNetworking/Security (= 4.0.1)
    - AFNetworking/Serialization (= 4.0.1)
    - AFNetworking/UIKit (= 4.0.1)
  - AFNetworking/NSURLSession (4.0.1):
    - AFNetworking/Reachability
    - AFNetworking/Security
    - AFNetworking/Serialization
  - AFNetworking/Reachability (4.0.1)
  - AFNetworking/Security (4.0.1)
  - AFNetworking/Serialization (4.0.1)
  - AFNetworking/UIKit (4.0.1):
    - AFNetworking/NSURLSession
  - CocoaLumberjack/Core (3.8.5)
  - CocoaLumberjack/Swift (3.8.5):
    - CocoaLumberjack/Core
  - JKSwiftExtension (2.7.1)
  - MJRefresh (3.7.5)
  - Reachability (3.2)
  - SnapKit (5.6.0)
  - Toast (4.1.1)
  - TZImagePickerController (3.8.8):
    - TZImagePickerController/Basic (= 3.8.8)
    - TZImagePickerController/Location (= 3.8.8)
  - TZImagePickerController/Basic (3.8.8)
  - TZImagePickerController/Location (3.8.8)
  - YYKit (1.0.9):
    - YYKit/no-arc (= 1.0.9)
  - YYKit/no-arc (1.0.9)

DEPENDENCIES:
  - AFNetworking (from `https://github.com/crasowas/AFNetworking.git`)
  - CocoaLumberjack/Swift (= 3.8.5)
  - JKSwiftExtension (= 2.7.1)
  - MJRefresh (= 3.7.5)
  - Reachability (= 3.2)
  - SnapKit (= 5.6.0)
  - Toast (= 4.1.1)
  - TZImagePickerController (= 3.8.8)
  - YYKit (= 1.0.9)

SPEC REPOS:
  https://github.com/CocoaPods/Specs.git:
    - CocoaLumberjack
    - JKSwiftExtension
    - MJRefresh
    - Reachability
    - SnapKit
    - Toast
    - TZImagePickerController
    - YYKit

EXTERNAL SOURCES:
  AFNetworking:
    :git: https://github.com/crasowas/AFNetworking.git

CHECKOUT OPTIONS:
  AFNetworking:
    :commit: cad86a0bd363f4c65086193addbb004d2c0a7718
    :git: https://github.com/crasowas/AFNetworking.git

SPEC CHECKSUMS:
  AFNetworking: 1e49f114ce59e7156e35761e03e1087f386689e2
  CocoaLumberjack: 6a459bc897d6d80bd1b8c78482ec7ad05dffc3f0
  JKSwiftExtension: 5b2150fe720d39bb3b1dea411b2cce92d68d4de0
  MJRefresh: fdf5e979eb406a0341468932d1dfc8b7f9fce961
  Reachability: 33e18b67625424e47b6cde6d202dce689ad7af96
  SnapKit: e01d52ebb8ddbc333eefe2132acf85c8227d9c25
  Toast: 1f5ea13423a1e6674c4abdac5be53587ae481c4e
  TZImagePickerController: d084a7b97c82d387e7669dd86dc9a9057500aacf
  YYKit: 7cda43304a8dc3696c449041e2cb3107b4e236e7

PODFILE CHECKSUM: ec9b990d5a265cad1ce1659ee365355b90b7d436

COCOAPODS: 1.16.2
